// !$*UTF8*$!
{
	archiveVersion = 1;
	classes = {
	};
	objectVersion = 46;
	objects = {

/* Begin PBXBuildFile section */
		2F35FB2B1D00BD4F00016DBE /* main.m in Sources */ = {isa = PBXBuildFile; fileRef = 2F35FB2A1D00BD4F00016DBE /* main.m */; };
		2F35FB2E1D00BD4F00016DBE /* AppDelegate.m in Sources */ = {isa = PBXBuildFile; fileRef = 2F35FB2D1D00BD4F00016DBE /* AppDelegate.m */; };
		2F35FB341D00BD4F00016DBE /* Main.storyboard in Resources */ = {isa = PBXBuildFile; fileRef = 2F35FB321D00BD4F00016DBE /* Main.storyboard */; };
		2F35FB361D00BD4F00016DBE /* Assets.xcassets in Resources */ = {isa = PBXBuildFile; fileRef = 2F35FB351D00BD4F00016DBE /* Assets.xcassets */; };
		2F35FB391D00BD4F00016DBE /* LaunchScreen.storyboard in Resources */ = {isa = PBXBuildFile; fileRef = 2F35FB371D00BD4F00016DBE /* LaunchScreen.storyboard */; };
		2F35FB421D00BF3200016DBE /* PictureCollectionViewCell.m in Sources */ = {isa = PBXBuildFile; fileRef = 2F35FB411D00BF3200016DBE /* PictureCollectionViewCell.m */; };
		2F35FB451D00BF5100016DBE /* Picture.m in Sources */ = {isa = PBXBuildFile; fileRef = 2F35FB441D00BF5100016DBE /* Picture.m */; };
		2FA2AF961D00CA340054F6CB /* ViewController.m in Sources */ = {isa = PBXBuildFile; fileRef = 2FA2AF951D00CA340054F6CB /* ViewController.m */; };
/* End PBXBuildFile section */

/* Begin PBXFileReference section */
		2F35FB261D00BD4F00016DBE /* HallOfFrames.app */ = {isa = PBXFileReference; explicitFileType = wrapper.application; includeInIndex = 0; path = HallOfFrames.app; sourceTree = BUILT_PRODUCTS_DIR; };
		2F35FB2A1D00BD4F00016DBE /* main.m */ = {isa = PBXFileReference; lastKnownFileType = sourcecode.c.objc; path = main.m; sourceTree = "<group>"; };
		2F35FB2C1D00BD4F00016DBE /* AppDelegate.h */ = {isa = PBXFileReference; lastKnownFileType = sourcecode.c.h; path = AppDelegate.h; sourceTree = "<group>"; };
		2F35FB2D1D00BD4F00016DBE /* AppDelegate.m */ = {isa = PBXFileReference; lastKnownFileType = sourcecode.c.objc; path = AppDelegate.m; sourceTree = "<group>"; };
		2F35FB331D00BD4F00016DBE /* Base */ = {isa = PBXFileReference; lastKnownFileType = file.storyboard; name = Base; path = Base.lproj/Main.storyboard; sourceTree = "<group>"; };
		2F35FB351D00BD4F00016DBE /* Assets.xcassets */ = {isa = PBXFileReference; lastKnownFileType = folder.assetcatalog; path = Assets.xcassets; sourceTree = "<group>"; };
		2F35FB381D00BD4F00016DBE /* Base */ = {isa = PBXFileReference; lastKnownFileType = file.storyboard; name = Base; path = Base.lproj/LaunchScreen.storyboard; sourceTree = "<group>"; };
		2F35FB3A1D00BD4F00016DBE /* Info.plist */ = {isa = PBXFileReference; lastKnownFileType = text.plist.xml; path = Info.plist; sourceTree = "<group>"; };
		2F35FB401D00BF3200016DBE /* PictureCollectionViewCell.h */ = {isa = PBXFileReference; fileEncoding = 4; lastKnownFileType = sourcecode.c.h; path = PictureCollectionViewCell.h; sourceTree = "<group>"; };
		2F35FB411D00BF3200016DBE /* PictureCollectionViewCell.m */ = {isa = PBXFileReference; fileEncoding = 4; lastKnownFileType = sourcecode.c.objc; path = PictureCollectionViewCell.m; sourceTree = "<group>"; };
		2F35FB431D00BF5100016DBE /* Picture.h */ = {isa = PBXFileReference; fileEncoding = 4; lastKnownFileType = sourcecode.c.h; path = Picture.h; sourceTree = "<group>"; };
		2F35FB441D00BF5100016DBE /* Picture.m */ = {isa = PBXFileReference; fileEncoding = 4; lastKnownFileType = sourcecode.c.objc; path = Picture.m; sourceTree = "<group>"; };
		2FA2AF941D00CA340054F6CB /* ViewController.h */ = {isa = PBXFileReference; fileEncoding = 4; lastKnownFileType = sourcecode.c.h; path = ViewController.h; sourceTree = "<group>"; };
		2FA2AF951D00CA340054F6CB /* ViewController.m */ = {isa = PBXFileReference; fileEncoding = 4; lastKnownFileType = sourcecode.c.objc; path = ViewController.m; sourceTree = "<group>"; };
/* End PBXFileReference section */

/* Begin PBXFrameworksBuildPhase section */
		2F35FB231D00BD4F00016DBE /* Frameworks */ = {
			isa = PBXFrameworksBuildPhase;
			buildActionMask = 2147483647;
			files = (
			);
			runOnlyForDeploymentPostprocessing = 0;
		};
/* End PBXFrameworksBuildPhase section */

/* Begin PBXGroup section */
		2F35FB1D1D00BD4F00016DBE = {
			isa = PBXGroup;
			children = (
				2F35FB281D00BD4F00016DBE /* HallOfFrames */,
				2F35FB271D00BD4F00016DBE /* Products */,
			);
			sourceTree = "<group>";
		};
		2F35FB271D00BD4F00016DBE /* Products */ = {
			isa = PBXGroup;
			children = (
				2F35FB261D00BD4F00016DBE /* HallOfFrames.app */,
			);
			name = Products;
			sourceTree = "<group>";
		};
		2F35FB281D00BD4F00016DBE /* HallOfFrames */ = {
			isa = PBXGroup;
			children = (
				2F35FB2C1D00BD4F00016DBE /* AppDelegate.h */,
				2F35FB2D1D00BD4F00016DBE /* AppDelegate.m */,
				2F35FB321D00BD4F00016DBE /* Main.storyboard */,
				2F35FB431D00BF5100016DBE /* Picture.h */,
				2F35FB441D00BF5100016DBE /* Picture.m */,
				2FA2AF941D00CA340054F6CB /* ViewController.h */,
				2FA2AF951D00CA340054F6CB /* ViewController.m */,
				2F35FB401D00BF3200016DBE /* PictureCollectionViewCell.h */,
				2F35FB411D00BF3200016DBE /* PictureCollectionViewCell.m */,
				2F35FB351D00BD4F00016DBE /* Assets.xcassets */,
				2F35FB371D00BD4F00016DBE /* LaunchScreen.storyboard */,
				2F35FB3A1D00BD4F00016DBE /* Info.plist */,
				2F35FB291D00BD4F00016DBE /* Supporting Files */,
			);
			path = HallOfFrames;
			sourceTree = "<group>";
		};
		2F35FB291D00BD4F00016DBE /* Supporting Files */ = {
			isa = PBXGroup;
			children = (
				2F35FB2A1D00BD4F00016DBE /* main.m */,
			);
			name = "Supporting Files";
			sourceTree = "<group>";
		};
/* End PBXGroup section */

/* Begin PBXNativeTarget section */
		2F35FB251D00BD4F00016DBE /* HallOfFrames */ = {
			isa = PBXNativeTarget;
			buildConfigurationList = 2F35FB3D1D00BD4F00016DBE /* Build configuration list for PBXNativeTarget "HallOfFrames" */;
			buildPhases = (
				2F35FB221D00BD4F00016DBE /* Sources */,
				2F35FB231D00BD4F00016DBE /* Frameworks */,
				2F35FB241D00BD4F00016DBE /* Resources */,
			);
			buildRules = (
			);
			dependencies = (
			);
			name = HallOfFrames;
			productName = HallOfFrames;
			productReference = 2F35FB261D00BD4F00016DBE /* HallOfFrames.app */;
			productType = "com.apple.product-type.application";
		};
/* End PBXNativeTarget section */

/* Begin PBXProject section */
		2F35FB1E1D00BD4F00016DBE /* Project object */ = {
			isa = PBXProject;
			attributes = {
				LastUpgradeCheck = 0730;
				ORGANIZATIONNAME = "Andrew Bihl";
				TargetAttributes = {
					2F35FB251D00BD4F00016DBE = {
						CreatedOnToolsVersion = 7.3;
						DevelopmentTeam = 7X792YNE2M;
					};
				};
			};
			buildConfigurationList = 2F35FB211D00BD4F00016DBE /* Build configuration list for PBXProject "HallOfFrames" */;
			compatibilityVersion = "Xcode 3.2";
			developmentRegion = English;
			hasScannedForEncodings = 0;
			knownRegions = (
				en,
				Base,
			);
			mainGroup = 2F35FB1D1D00BD4F00016DBE;
			productRefGroup = 2F35FB271D00BD4F00016DBE /* Products */;
			projectDirPath = "";
			projectRoot = "";
			targets = (
				2F35FB251D00BD4F00016DBE /* HallOfFrames */,
			);
		};
/* End PBXProject section */

/* Begin PBXResourcesBuildPhase section */
		2F35FB241D00BD4F00016DBE /* Resources */ = {
			isa = PBXResourcesBuildPhase;
			buildActionMask = 2147483647;
			files = (
				2F35FB391D00BD4F00016DBE /* LaunchScreen.storyboard in Resources */,
				2F35FB361D00BD4F00016DBE /* Assets.xcassets in Resources */,
				2F35FB341D00BD4F00016DBE /* Main.storyboard in Resources */,
			);
			runOnlyForDeploymentPostprocessing = 0;
		};
/* End PBXResourcesBuildPhase section */

/* Begin PBXSourcesBuildPhase section */
		2F35FB221D00BD4F00016DBE /* Sources */ = {
			isa = PBXSourcesBuildPhase;
			buildActionMask = 2147483647;
			files = (
				2F35FB451D00BF5100016DBE /* Picture.m in Sources */,
				2F35FB421D00BF3200016DBE /* PictureCollectionViewCell.m in Sources */,
				2F35FB2E1D00BD4F00016DBE /* AppDelegate.m in Sources */,
				2F35FB2B1D00BD4F00016DBE /* main.m in Sources */,
				2FA2AF961D00CA340054F6CB /* ViewController.m in Sources */,
			);
			runOnlyForDeploymentPostprocessing = 0;
		};
/* End PBXSourcesBuildPhase section */

/* Begin PBXVariantGroup section */
		2F35FB321D00BD4F00016DBE /* Main.storyboard */ = {
			isa = PBXVariantGroup;
			children = (
				2F35FB331D00BD4F00016DBE /* Base */,
			);
			name = Main.storyboard;
			sourceTree = "<group>";
		};
		2F35FB371D00BD4F00016DBE /* LaunchScreen.storyboard */ = {
			isa = PBXVariantGroup;
			children = (
				2F35FB381D00BD4F00016DBE /* Base */,
			);
			name = LaunchScreen.storyboard;
			sourceTree = "<group>";
		};
/* End PBXVariantGroup section */

/* Begin XCBuildConfiguration section */
		2F35FB3B1D00BD4F00016DBE /* Debug */ = {
			isa = XCBuildConfiguration;
			buildSettings = {
				ALWAYS_SEARCH_USER_PATHS = NO;
				CLANG_ANALYZER_NONNULL = YES;
				CLANG_CXX_LANGUAGE_STANDARD = "gnu++0x";
				CLANG_CXX_LIBRARY = "libc++";
				CLANG_ENABLE_MODULES = YES;
				CLANG_ENABLE_OBJC_ARC = YES;
				CLANG_WARN_BOOL_CONVERSION = YES;
				CLANG_WARN_CONSTANT_CONVERSION = YES;
				CLANG_WARN_DIRECT_OBJC_ISA_USAGE = YES_ERROR;
				CLANG_WARN_EMPTY_BODY = YES;
				CLANG_WARN_ENUM_CONVERSION = YES;
				CLANG_WARN_INT_CONVERSION = YES;
				CLANG_WARN_OBJC_ROOT_CLASS = YES_ERROR;
				CLANG_WARN_UNREACHABLE_CODE = YES;
				CLANG_WARN__DUPLICATE_METHOD_MATCH = YES;
				"CODE_SIGN_IDENTITY[sdk=iphoneos*]" = "iPhone Developer";
				COPY_PHASE_STRIP = NO;
				DEBUG_INFORMATION_FORMAT = dwarf;
				ENABLE_STRICT_OBJC_MSGSEND = YES;
				ENABLE_TESTABILITY = YES;
				GCC_C_LANGUAGE_STANDARD = gnu99;
				GCC_DYNAMIC_NO_PIC = NO;
				GCC_NO_COMMON_BLOCKS = YES;
				GCC_OPTIMIZATION_LEVEL = 0;
				GCC_PREPROCESSOR_DEFINITIONS = (
					"DEBUG=1",
					"$(inherited)",
				);
				GCC_WARN_64_TO_32_BIT_CONVERSION = YES;
				GCC_WARN_ABOUT_RETURN_TYPE = YES_ERROR;
				GCC_WARN_UNDECLARED_SELECTOR = YES;
				GCC_WARN_UNINITIALIZED_AUTOS = YES_AGGRESSIVE;
				GCC_WARN_UNUSED_FUNCTION = YES;
				GCC_WARN_UNUSED_VARIABLE = YES;
				IPHONEOS_DEPLOYMENT_TARGET = 9.3;
				MTL_ENABLE_DEBUG_INFO = YES;
				ONLY_ACTIVE_ARCH = YES;
				SDKROOT = iphoneos;
			};
			name = Debug;
		};
		2F35FB3C1D00BD4F00016DBE /* Release */ = {
			isa = XCBuildConfiguration;
			buildSettings = {
				ALWAYS_SEARCH_USER_PATHS = NO;
				CLANG_ANALYZER_NONNULL = YES;
				CLANG_CXX_LANGUAGE_STANDARD = "gnu++0x";
				CLANG_CXX_LIBRARY = "libc++";
				CLANG_ENABLE_MODULES = YES;
				CLANG_ENABLE_OBJC_ARC = YES;
				CLANG_WARN_BOOL_CONVERSION = YES;
				CLANG_WARN_CONSTANT_CONVERSION = YES;
				CLANG_WARN_DIRECT_OBJC_ISA_USAGE = YES_ERROR;
				CLANG_WARN_EMPTY_BODY = YES;
				CLANG_WARN_ENUM_CONVERSION = YES;
				CLANG_WARN_INT_CONVERSION = YES;
				CLANG_WARN_OBJC_ROOT_CLASS = YES_ERROR;
				CLANG_WARN_UNREACHABLE_CODE = YES;
				CLANG_WARN__DUPLICATE_METHOD_MATCH = YES;
				"CODE_SIGN_IDENTITY[sdk=iphoneos*]" = "iPhone Developer";
				COPY_PHASE_STRIP = NO;
				DEBUG_INFORMATION_FORMAT = "dwarf-with-dsym";
				ENABLE_NS_ASSERTIONS = NO;
				ENABLE_STRICT_OBJC_MSGSEND = YES;
				GCC_C_LANGUAGE_STANDARD = gnu99;
				GCC_NO_COMMON_BLOCKS = YES;
				GCC_WARN_64_TO_32_BIT_CONVERSION = YES;
				GCC_WARN_ABOUT_RETURN_TYPE = YES_ERROR;
				GCC_WARN_UNDECLARED_SELECTOR = YES;
				GCC_WARN_UNINITIALIZED_AUTOS = YES_AGGRESSIVE;
				GCC_WARN_UNUSED_FUNCTION = YES;
				GCC_WARN_UNUSED_VARIABLE = YES;
				IPHONEOS_DEPLOYMENT_TARGET = 9.3;
				MTL_ENABLE_DEBUG_INFO = NO;
				SDKROOT = iphoneos;
				VALIDATE_PRODUCT = YES;
			};
			name = Release;
		};
		2F35FB3E1D00BD4F00016DBE /* Debug */ = {
			isa = XCBuildConfiguration;
			buildSettings = {
				ASSETCATALOG_COMPILER_APPICON_NAME = AppIcon;
				INFOPLIST_FILE = HallOfFrames/Info.plist;
				LD_RUNPATH_SEARCH_PATHS = "$(inherited) @executable_path/Frameworks";
				PRODUCT_BUNDLE_IDENTIFIER = com.andrewbihl.HallOfFrames;
				PRODUCT_NAME = "$(TARGET_NAME)";
			};
			name = Debug;
		};
		2F35FB3F1D00BD4F00016DBE /* Release */ = {
			isa = XCBuildConfiguration;
			buildSettings = {
				ASSETCATALOG_COMPILER_APPICON_NAME = AppIcon;
				INFOPLIST_FILE = HallOfFrames/Info.plist;
				LD_RUNPATH_SEARCH_PATHS = "$(inherited) @executable_path/Frameworks";
				PRODUCT_BUNDLE_IDENTIFIER = com.andrewbihl.HallOfFrames;
				PRODUCT_NAME = "$(TARGET_NAME)";
			};
			name = Release;
		};
/* End XCBuildConfiguration section */

/* Begin XCConfigurationList section */
		2F35FB211D00BD4F00016DBE /* Build configuration list for PBXProject "HallOfFrames" */ = {
			isa = XCConfigurationList;
			buildConfigurations = (
				2F35FB3B1D00BD4F00016DBE /* Debug */,
				2F35FB3C1D00BD4F00016DBE /* Release */,
			);
			defaultConfigurationIsVisible = 0;
			defaultConfigurationName = Release;
		};
		2F35FB3D1D00BD4F00016DBE /* Build configuration list for PBXNativeTarget "HallOfFrames" */ = {
			isa = XCConfigurationList;
			buildConfigurations = (
				2F35FB3E1D00BD4F00016DBE /* Debug */,
				2F35FB3F1D00BD4F00016DBE /* Release */,
			);
			defaultConfigurationIsVisible = 0;
			defaultConfigurationName = Release;
		};
/* End XCConfigurationList section */
	};
	rootObject = 2F35FB1E1D00BD4F00016DBE /* Project object */;
}
